
Microsoft Visual Studio Solution File, Format Version 12.00
# Visual Studio Version 17
VisualStudioVersion = 17.5.002.0
MinimumVisualStudioVersion = 10.0.40219.1
Project("{2150E333-8FDC-42A3-9474-1A3956D46DE8}") = "csharp-prep", "csharp-prep", "{D4837203-780A-401F-927C-C5512C10380C}"
EndProject
Project("{9A19103F-16F7-4668-BE54-9A1E7A4F7556}") = "Prep1", "csharp-prep\Prep1\Prep1.csproj", "{16B32B45-DFBF-4B65-8E82-B1F46CEA5633}"
EndProject
Project("{9A19103F-16F7-4668-BE54-9A1E7A4F7556}") = "Prep2", "csharp-prep\Prep2\Prep2.csproj", "{28724CBF-3783-40EB-916E-7A9012BDE54C}"
EndProject
Project("{9A19103F-16F7-4668-BE54-9A1E7A4F7556}") = "Prep3", "csharp-prep\Prep3\Prep3.csproj", "{14CB0FD8-C7B6-4142-A52D-F5834FA45543}"
EndProject
Project("{9A19103F-16F7-4668-BE54-9A1E7A4F7556}") = "Prep4", "csharp-prep\Prep4\Prep4.csproj", "{BF9F7935-8BF0-4C2B-98CA-87A4C32AE66C}"
EndProject
Project("{9A19103F-16F7-4668-BE54-9A1E7A4F7556}") = "Prep5", "csharp-prep\Prep5\Prep5.csproj", "{BD46654E-4674-4BA6-B7D0-8E816C8CCB59}"
EndProject
Project("{2150E333-8FDC-42A3-9474-1A3956D46DE8}") = "final", "final", "{C59ECBD7-EE2C-49E5-AE18-2CDC5FF04940}"
EndProject
Project("{9A19103F-16F7-4668-BE54-9A1E7A4F7556}") = "FinalProject", "final\FinalProject\FinalProject.csproj", "{8B53F670-BDBE-415E-B671-F1375FE30AD5}"
EndProject
Project("{9A19103F-16F7-4668-BE54-9A1E7A4F7556}") = "Foundation1", "final\Foundation1\Foundation1.csproj", "{CBA67334-F0B5-4405-BC43-1ABE19F56791}"
EndProject
Project("{9A19103F-16F7-4668-BE54-9A1E7A4F7556}") = "Foundation2", "final\Foundation2\Foundation2.csproj", "{72853C55-2FC8-4A5D-9CDE-4469F296FE5C}"
EndProject
Project("{9A19103F-16F7-4668-BE54-9A1E7A4F7556}") = "Foundation3", "final\Foundation3\Foundation3.csproj", "{DC42AF6A-E2FF-4C85-9229-9087387CAAAE}"
EndProject
Project("{9A19103F-16F7-4668-BE54-9A1E7A4F7556}") = "Foundation4", "final\Foundation4\Foundation4.csproj", "{4378D804-FB56-4FBF-B372-8D0D93B5804E}"
EndProject
Project("{2150E333-8FDC-42A3-9474-1A3956D46DE8}") = "prepare", "prepare", "{B01E1BCC-4174-44E8-B0F0-5CDF540503D4}"
EndProject
Project("{9A19103F-16F7-4668-BE54-9A1E7A4F7556}") = "Learning02", "prepare\Learning02\Learning02.csproj", "{EFF55B37-0BEC-46E5-8C41-1B6625F8B873}"
EndProject
Project("{9A19103F-16F7-4668-BE54-9A1E7A4F7556}") = "Learning03", "prepare\Learning03\Learning03.csproj", "{6528C37B-C996-4A0C-A389-34F4CA32234E}"
EndProject
Project("{9A19103F-16F7-4668-BE54-9A1E7A4F7556}") = "Learning04", "prepare\Learning04\Learning04.csproj", "{F424B5B4-D9A4-4217-8D36-5CC23D4167CB}"
EndProject
Project("{9A19103F-16F7-4668-BE54-9A1E7A4F7556}") = "Learning05", "prepare\Learning05\Learning05.csproj", "{E4D4F7D9-74D0-4962-B6CC-EC7130FF8C0C}"
EndProject
Project("{2150E333-8FDC-42A3-9474-1A3956D46DE8}") = "prove", "prove", "{139123E4-B45B-4190-B85C-286AB5DA1183}"
EndProject
Project("{9A19103F-16F7-4668-BE54-9A1E7A4F7556}") = "Develop02", "prove\Develop02\Develop02.csproj", "{00CA1038-C693-491D-BD74-565537C86B8B}"
EndProject
Project("{9A19103F-16F7-4668-BE54-9A1E7A4F7556}") = "Develop03", "prove\Develop03\Develop03.csproj", "{A1A64587-53A2-46FE-BB3E-BEE25116130F}"
EndProject
Project("{9A19103F-16F7-4668-BE54-9A1E7A4F7556}") = "Develop04", "prove\Develop04\Develop04.csproj", "{5F401B00-2C68-43C0-9477-BAA52A9807EA}"
EndProject
Project("{9A19103F-16F7-4668-BE54-9A1E7A4F7556}") = "Develop05", "prove\Develop05\Develop05.csproj", "{F5DF18F8-1128-4579-B5ED-372215AD4936}"
EndProject
Project("{2150E333-8FDC-42A3-9474-1A3956D46DE8}") = "sandbox", "sandbox", "{160A0043-3EFE-4BF6-AFAE-D8D8F480988E}"
EndProject
Project("{9A19103F-16F7-4668-BE54-9A1E7A4F7556}") = "Sandbox", "sandbox\Sandbox\Sandbox.csproj", "{D32DB461-7760-4333-920D-F830F85FD0E0}"
EndProject
Global
	GlobalSection(SolutionConfigurationPlatforms) = preSolution
		Debug|Any CPU = Debug|Any CPU
		Release|Any CPU = Release|Any CPU
	EndGlobalSection
	GlobalSection(ProjectConfigurationPlatforms) = postSolution
		{16B32B45-DFBF-4B65-8E82-B1F46CEA5633}.Debug|Any CPU.ActiveCfg = Debug|Any CPU
		{16B32B45-DFBF-4B65-8E82-B1F46CEA5633}.Debug|Any CPU.Build.0 = Debug|Any CPU
		{16B32B45-DFBF-4B65-8E82-B1F46CEA5633}.Release|Any CPU.ActiveCfg = Release|Any CPU
		{16B32B45-DFBF-4B65-8E82-B1F46CEA5633}.Release|Any CPU.Build.0 = Release|Any CPU
		{28724CBF-3783-40EB-916E-7A9012BDE54C}.Debug|Any CPU.ActiveCfg = Debug|Any CPU
		{28724CBF-3783-40EB-916E-7A9012BDE54C}.Debug|Any CPU.Build.0 = Debug|Any CPU
		{28724CBF-3783-40EB-916E-7A9012BDE54C}.Release|Any CPU.ActiveCfg = Release|Any CPU
		{28724CBF-3783-40EB-916E-7A9012BDE54C}.Release|Any CPU.Build.0 = Release|Any CPU
		{14CB0FD8-C7B6-4142-A52D-F5834FA45543}.Debug|Any CPU.ActiveCfg = Debug|Any CPU
		{14CB0FD8-C7B6-4142-A52D-F5834FA45543}.Debug|Any CPU.Build.0 = Debug|Any CPU
		{14CB0FD8-C7B6-4142-A52D-F5834FA45543}.Release|Any CPU.ActiveCfg = Release|Any CPU
		{14CB0FD8-C7B6-4142-A52D-F5834FA45543}.Release|Any CPU.Build.0 = Release|Any CPU
		{BF9F7935-8BF0-4C2B-98CA-87A4C32AE66C}.Debug|Any CPU.ActiveCfg = Debug|Any CPU
		{BF9F7935-8BF0-4C2B-98CA-87A4C32AE66C}.Debug|Any CPU.Build.0 = Debug|Any CPU
		{BF9F7935-8BF0-4C2B-98CA-87A4C32AE66C}.Release|Any CPU.ActiveCfg = Release|Any CPU
		{BF9F7935-8BF0-4C2B-98CA-87A4C32AE66C}.Release|Any CPU.Build.0 = Release|Any CPU
		{BD46654E-4674-4BA6-B7D0-8E816C8CCB59}.Debug|Any CPU.ActiveCfg = Debug|Any CPU
		{BD46654E-4674-4BA6-B7D0-8E816C8CCB59}.Debug|Any CPU.Build.0 = Debug|Any CPU
		{BD46654E-4674-4BA6-B7D0-8E816C8CCB59}.Release|Any CPU.ActiveCfg = Release|Any CPU
		{BD46654E-4674-4BA6-B7D0-8E816C8CCB59}.Release|Any CPU.Build.0 = Release|Any CPU
		{8B53F670-BDBE-415E-B671-F1375FE30AD5}.Debug|Any CPU.ActiveCfg = Debug|Any CPU
		{8B53F670-BDBE-415E-B671-F1375FE30AD5}.Debug|Any CPU.Build.0 = Debug|Any CPU
		{8B53F670-BDBE-415E-B671-F1375FE30AD5}.Release|Any CPU.ActiveCfg = Release|Any CPU
		{8B53F670-BDBE-415E-B671-F1375FE30AD5}.Release|Any CPU.Build.0 = Release|Any CPU
		{CBA67334-F0B5-4405-BC43-1ABE19F56791}.Debug|Any CPU.ActiveCfg = Debug|Any CPU
		{CBA67334-F0B5-4405-BC43-1ABE19F56791}.Debug|Any CPU.Build.0 = Debug|Any CPU
		{CBA67334-F0B5-4405-BC43-1ABE19F56791}.Release|Any CPU.ActiveCfg = Release|Any CPU
		{CBA67334-F0B5-4405-BC43-1ABE19F56791}.Release|Any CPU.Build.0 = Release|Any CPU
		{72853C55-2FC8-4A5D-9CDE-4469F296FE5C}.Debug|Any CPU.ActiveCfg = Debug|Any CPU
		{72853C55-2FC8-4A5D-9CDE-4469F296FE5C}.Debug|Any CPU.Build.0 = Debug|Any CPU
		{72853C55-2FC8-4A5D-9CDE-4469F296FE5C}.Release|Any CPU.ActiveCfg = Release|Any CPU
		{72853C55-2FC8-4A5D-9CDE-4469F296FE5C}.Release|Any CPU.Build.0 = Release|Any CPU
		{DC42AF6A-E2FF-4C85-9229-9087387CAAAE}.Debug|Any CPU.ActiveCfg = Debug|Any CPU
		{DC42AF6A-E2FF-4C85-9229-9087387CAAAE}.Debug|Any CPU.Build.0 = Debug|Any CPU
		{DC42AF6A-E2FF-4C85-9229-9087387CAAAE}.Release|Any CPU.ActiveCfg = Release|Any CPU
		{DC42AF6A-E2FF-4C85-9229-9087387CAAAE}.Release|Any CPU.Build.0 = Release|Any CPU
		{4378D804-FB56-4FBF-B372-8D0D93B5804E}.Debug|Any CPU.ActiveCfg = Debug|Any CPU
		{4378D804-FB56-4FBF-B372-8D0D93B5804E}.Debug|Any CPU.Build.0 = Debug|Any CPU
		{4378D804-FB56-4FBF-B372-8D0D93B5804E}.Release|Any CPU.ActiveCfg = Release|Any CPU
		{4378D804-FB56-4FBF-B372-8D0D93B5804E}.Release|Any CPU.Build.0 = Release|Any CPU
		{EFF55B37-0BEC-46E5-8C41-1B6625F8B873}.Debug|Any CPU.ActiveCfg = Debug|Any CPU
		{EFF55B37-0BEC-46E5-8C41-1B6625F8B873}.Debug|Any CPU.Build.0 = Debug|Any CPU
		{EFF55B37-0BEC-46E5-8C41-1B6625F8B873}.Release|Any CPU.ActiveCfg = Release|Any CPU
		{EFF55B37-0BEC-46E5-8C41-1B6625F8B873}.Release|Any CPU.Build.0 = Release|Any CPU
		{6528C37B-C996-4A0C-A389-34F4CA32234E}.Debug|Any CPU.ActiveCfg = Debug|Any CPU
		{6528C37B-C996-4A0C-A389-34F4CA32234E}.Debug|Any CPU.Build.0 = Debug|Any CPU
		{6528C37B-C996-4A0C-A389-34F4CA32234E}.Release|Any CPU.ActiveCfg = Release|Any CPU
		{6528C37B-C996-4A0C-A389-34F4CA32234E}.Release|Any CPU.Build.0 = Release|Any CPU
		{F424B5B4-D9A4-4217-8D36-5CC23D4167CB}.Debug|Any CPU.ActiveCfg = Debug|Any CPU
		{F424B5B4-D9A4-4217-8D36-5CC23D4167CB}.Debug|Any CPU.Build.0 = Debug|Any CPU
		{F424B5B4-D9A4-4217-8D36-5CC23D4167CB}.Release|Any CPU.ActiveCfg = Release|Any CPU
		{F424B5B4-D9A4-4217-8D36-5CC23D4167CB}.Release|Any CPU.Build.0 = Release|Any CPU
		{E4D4F7D9-74D0-4962-B6CC-EC7130FF8C0C}.Debug|Any CPU.ActiveCfg = Debug|Any CPU
		{E4D4F7D9-74D0-4962-B6CC-EC7130FF8C0C}.Debug|Any CPU.Build.0 = Debug|Any CPU
		{E4D4F7D9-74D0-4962-B6CC-EC7130FF8C0C}.Release|Any CPU.ActiveCfg = Release|Any CPU
		{E4D4F7D9-74D0-4962-B6CC-EC7130FF8C0C}.Release|Any CPU.Build.0 = Release|Any CPU
		{00CA1038-C693-491D-BD74-565537C86B8B}.Debug|Any CPU.ActiveCfg = Debug|Any CPU
		{00CA1038-C693-491D-BD74-565537C86B8B}.Debug|Any CPU.Build.0 = Debug|Any CPU
		{00CA1038-C693-491D-BD74-565537C86B8B}.Release|Any CPU.ActiveCfg = Release|Any CPU
		{00CA1038-C693-491D-BD74-565537C86B8B}.Release|Any CPU.Build.0 = Release|Any CPU
		{A1A64587-53A2-46FE-BB3E-BEE25116130F}.Debug|Any CPU.ActiveCfg = Debug|Any CPU
		{A1A64587-53A2-46FE-BB3E-BEE25116130F}.Debug|Any CPU.Build.0 = Debug|Any CPU
		{A1A64587-53A2-46FE-BB3E-BEE25116130F}.Release|Any CPU.ActiveCfg = Release|Any CPU
		{A1A64587-53A2-46FE-BB3E-BEE25116130F}.Release|Any CPU.Build.0 = Release|Any CPU
		{5F401B00-2C68-43C0-9477-BAA52A9807EA}.Debug|Any CPU.ActiveCfg = Debug|Any CPU
		{5F401B00-2C68-43C0-9477-BAA52A9807EA}.Debug|Any CPU.Build.0 = Debug|Any CPU
		{5F401B00-2C68-43C0-9477-BAA52A9807EA}.Release|Any CPU.ActiveCfg = Release|Any CPU
		{5F401B00-2C68-43C0-9477-BAA52A9807EA}.Release|Any CPU.Build.0 = Release|Any CPU
		{F5DF18F8-1128-4579-B5ED-372215AD4936}.Debug|Any CPU.ActiveCfg = Debug|Any CPU
		{F5DF18F8-1128-4579-B5ED-372215AD4936}.Debug|Any CPU.Build.0 = Debug|Any CPU
		{F5DF18F8-1128-4579-B5ED-372215AD4936}.Release|Any CPU.ActiveCfg = Release|Any CPU
		{F5DF18F8-1128-4579-B5ED-372215AD4936}.Release|Any CPU.Build.0 = Release|Any CPU
		{D32DB461-7760-4333-920D-F830F85FD0E0}.Debug|Any CPU.ActiveCfg = Debug|Any CPU
		{D32DB461-7760-4333-920D-F830F85FD0E0}.Debug|Any CPU.Build.0 = Debug|Any CPU
		{D32DB461-7760-4333-920D-F830F85FD0E0}.Release|Any CPU.ActiveCfg = Release|Any CPU
		{D32DB461-7760-4333-920D-F830F85FD0E0}.Release|Any CPU.Build.0 = Release|Any CPU
	EndGlobalSection
	GlobalSection(SolutionProperties) = preSolution
		HideSolutionNode = FALSE
	EndGlobalSection
	GlobalSection(NestedProjects) = preSolution
		{16B32B45-DFBF-4B65-8E82-B1F46CEA5633} = {D4837203-780A-401F-927C-C5512C10380C}
		{28724CBF-3783-40EB-916E-7A9012BDE54C} = {D4837203-780A-401F-927C-C5512C10380C}
		{14CB0FD8-C7B6-4142-A52D-F5834FA45543} = {D4837203-780A-401F-927C-C5512C10380C}
		{BF9F7935-8BF0-4C2B-98CA-87A4C32AE66C} = {D4837203-780A-401F-927C-C5512C10380C}
		{BD46654E-4674-4BA6-B7D0-8E816C8CCB59} = {D4837203-780A-401F-927C-C5512C10380C}
		{8B53F670-BDBE-415E-B671-F1375FE30AD5} = {C59ECBD7-EE2C-49E5-AE18-2CDC5FF04940}
		{CBA67334-F0B5-4405-BC43-1ABE19F56791} = {C59ECBD7-EE2C-49E5-AE18-2CDC5FF04940}
		{72853C55-2FC8-4A5D-9CDE-4469F296FE5C} = {C59ECBD7-EE2C-49E5-AE18-2CDC5FF04940}
		{DC42AF6A-E2FF-4C85-9229-9087387CAAAE} = {C59ECBD7-EE2C-49E5-AE18-2CDC5FF04940}
		{4378D804-FB56-4FBF-B372-8D0D93B5804E} = {C59ECBD7-EE2C-49E5-AE18-2CDC5FF04940}
		{EFF55B37-0BEC-46E5-8C41-1B6625F8B873} = {B01E1BCC-4174-44E8-B0F0-5CDF540503D4}
		{6528C37B-C996-4A0C-A389-34F4CA32234E} = {B01E1BCC-4174-44E8-B0F0-5CDF540503D4}
		{F424B5B4-D9A4-4217-8D36-5CC23D4167CB} = {B01E1BCC-4174-44E8-B0F0-5CDF540503D4}
		{E4D4F7D9-74D0-4962-B6CC-EC7130FF8C0C} = {B01E1BCC-4174-44E8-B0F0-5CDF540503D4}
		{00CA1038-C693-491D-BD74-565537C86B8B} = {139123E4-B45B-4190-B85C-286AB5DA1183}
		{A1A64587-53A2-46FE-BB3E-BEE25116130F} = {139123E4-B45B-4190-B85C-286AB5DA1183}
		{5F401B00-2C68-43C0-9477-BAA52A9807EA} = {139123E4-B45B-4190-B85C-286AB5DA1183}
		{F5DF18F8-1128-4579-B5ED-372215AD4936} = {139123E4-B45B-4190-B85C-286AB5DA1183}
		{D32DB461-7760-4333-920D-F830F85FD0E0} = {160A0043-3EFE-4BF6-AFAE-D8D8F480988E}
	EndGlobalSection
	GlobalSection(ExtensibilityGlobals) = postSolution
		SolutionGuid = {077482AE-4B9F-46AD-BA9D-A6657AE1604E}
	EndGlobalSection
EndGlobal
